// !$*UTF8*$!
{
	archiveVersion = 1;
	classes = {
	};
	objectVersion = 56;
	objects = {

/* Begin PBXBuildFile section */
		C21BB3802A8A2843005FC7F3 /* MatchPlayerCardView.swift in Sources */ = {isa = PBXBuildFile; fileRef = C21BB37F2A8A2843005FC7F3 /* MatchPlayerCardView.swift */; };
		C21BB3832A8A2E0E005FC7F3 /* MatchOpponentCardView.swift in Sources */ = {isa = PBXBuildFile; fileRef = C21BB3822A8A2E0E005FC7F3 /* MatchOpponentCardView.swift */; };
		C21BB3862A8A2FC0005FC7F3 /* MatchDetailHeaderView.swift in Sources */ = {isa = PBXBuildFile; fileRef = C21BB3852A8A2FC0005FC7F3 /* MatchDetailHeaderView.swift */; };
		C2F360712A83BAD400E0C3DA /* CSTVApp.swift in Sources */ = {isa = PBXBuildFile; fileRef = C2F360702A83BAD400E0C3DA /* CSTVApp.swift */; };
		C2F360732A83BAD400E0C3DA /* MatchListView.swift in Sources */ = {isa = PBXBuildFile; fileRef = C2F360722A83BAD400E0C3DA /* MatchListView.swift */; };
		C2F360752A83BAD500E0C3DA /* Assets.xcassets in Resources */ = {isa = PBXBuildFile; fileRef = C2F360742A83BAD500E0C3DA /* Assets.xcassets */; };
		C2F360822A83BAD500E0C3DA /* CSTVTests.swift in Sources */ = {isa = PBXBuildFile; fileRef = C2F360812A83BAD500E0C3DA /* CSTVTests.swift */; };
		C2F3608C2A83BAD500E0C3DA /* CSTVUITests.swift in Sources */ = {isa = PBXBuildFile; fileRef = C2F3608B2A83BAD500E0C3DA /* CSTVUITests.swift */; };
		C2F3608E2A83BAD500E0C3DA /* CSTVUITestsLaunchTests.swift in Sources */ = {isa = PBXBuildFile; fileRef = C2F3608D2A83BAD500E0C3DA /* CSTVUITestsLaunchTests.swift */; };
		C2F3609B2A83ECFE00E0C3DA /* LaunchScreenView.swift in Sources */ = {isa = PBXBuildFile; fileRef = C2F3609A2A83ECFE00E0C3DA /* LaunchScreenView.swift */; };
		C2F360A02A840B5200E0C3DA /* LaunchScreenStateManager.swift in Sources */ = {isa = PBXBuildFile; fileRef = C2F3609F2A840B5200E0C3DA /* LaunchScreenStateManager.swift */; };
		C2F360A92A844EBB00E0C3DA /* MatchDetailView.swift in Sources */ = {isa = PBXBuildFile; fileRef = C2F360A82A844EBB00E0C3DA /* MatchDetailView.swift */; };
		C2F360AF2A85A49000E0C3DA /* MatchCardView.swift in Sources */ = {isa = PBXBuildFile; fileRef = C2F360AE2A85A49000E0C3DA /* MatchCardView.swift */; };
		C2F360B32A885EB500E0C3DA /* MatchService.swift in Sources */ = {isa = PBXBuildFile; fileRef = C2F360B22A885EB500E0C3DA /* MatchService.swift */; };
		C2F360B72A88628100E0C3DA /* MatchDetailViewModel.swift in Sources */ = {isa = PBXBuildFile; fileRef = C2F360B62A88628100E0C3DA /* MatchDetailViewModel.swift */; };
		C2F360B92A8862E600E0C3DA /* MatchModel.swift in Sources */ = {isa = PBXBuildFile; fileRef = C2F360B82A8862E600E0C3DA /* MatchModel.swift */; };
		C2F360BB2A8862FC00E0C3DA /* PlayerModel.swift in Sources */ = {isa = PBXBuildFile; fileRef = C2F360BA2A8862FC00E0C3DA /* PlayerModel.swift */; };
		C2F360BD2A8863FD00E0C3DA /* LeagueSerieModel.swift in Sources */ = {isa = PBXBuildFile; fileRef = C2F360BC2A8863FD00E0C3DA /* LeagueSerieModel.swift */; };
		C2F360BF2A886B0600E0C3DA /* MatchOpponentModel.swift in Sources */ = {isa = PBXBuildFile; fileRef = C2F360BE2A886B0600E0C3DA /* MatchOpponentModel.swift */; };
		C2F360C62A88BD4100E0C3DA /* MatchListViewModel.swift in Sources */ = {isa = PBXBuildFile; fileRef = C2F360C52A88BD4100E0C3DA /* MatchListViewModel.swift */; };
/* End PBXBuildFile section */

/* Begin PBXContainerItemProxy section */
		C2F3607E2A83BAD500E0C3DA /* PBXContainerItemProxy */ = {
			isa = PBXContainerItemProxy;
			containerPortal = C2F360652A83BAD400E0C3DA /* Project object */;
			proxyType = 1;
			remoteGlobalIDString = C2F3606C2A83BAD400E0C3DA;
			remoteInfo = CSTV;
		};
		C2F360882A83BAD500E0C3DA /* PBXContainerItemProxy */ = {
			isa = PBXContainerItemProxy;
			containerPortal = C2F360652A83BAD400E0C3DA /* Project object */;
			proxyType = 1;
			remoteGlobalIDString = C2F3606C2A83BAD400E0C3DA;
			remoteInfo = CSTV;
		};
/* End PBXContainerItemProxy section */

/* Begin PBXFileReference section */
		C21BB37F2A8A2843005FC7F3 /* MatchPlayerCardView.swift */ = {isa = PBXFileReference; lastKnownFileType = sourcecode.swift; path = MatchPlayerCardView.swift; sourceTree = "<group>"; };
		C21BB3822A8A2E0E005FC7F3 /* MatchOpponentCardView.swift */ = {isa = PBXFileReference; lastKnownFileType = sourcecode.swift; path = MatchOpponentCardView.swift; sourceTree = "<group>"; };
		C21BB3852A8A2FC0005FC7F3 /* MatchDetailHeaderView.swift */ = {isa = PBXFileReference; lastKnownFileType = sourcecode.swift; path = MatchDetailHeaderView.swift; sourceTree = "<group>"; };
		C2F3606D2A83BAD400E0C3DA /* CSTV.app */ = {isa = PBXFileReference; explicitFileType = wrapper.application; includeInIndex = 0; path = CSTV.app; sourceTree = BUILT_PRODUCTS_DIR; };
		C2F360702A83BAD400E0C3DA /* CSTVApp.swift */ = {isa = PBXFileReference; lastKnownFileType = sourcecode.swift; path = CSTVApp.swift; sourceTree = "<group>"; };
		C2F360722A83BAD400E0C3DA /* MatchListView.swift */ = {isa = PBXFileReference; lastKnownFileType = sourcecode.swift; path = MatchListView.swift; sourceTree = "<group>"; };
		C2F360742A83BAD500E0C3DA /* Assets.xcassets */ = {isa = PBXFileReference; lastKnownFileType = folder.assetcatalog; path = Assets.xcassets; sourceTree = "<group>"; };
		C2F3607D2A83BAD500E0C3DA /* CSTVTests.xctest */ = {isa = PBXFileReference; explicitFileType = wrapper.cfbundle; includeInIndex = 0; path = CSTVTests.xctest; sourceTree = BUILT_PRODUCTS_DIR; };
		C2F360812A83BAD500E0C3DA /* CSTVTests.swift */ = {isa = PBXFileReference; lastKnownFileType = sourcecode.swift; path = CSTVTests.swift; sourceTree = "<group>"; };
		C2F360872A83BAD500E0C3DA /* CSTVUITests.xctest */ = {isa = PBXFileReference; explicitFileType = wrapper.cfbundle; includeInIndex = 0; path = CSTVUITests.xctest; sourceTree = BUILT_PRODUCTS_DIR; };
		C2F3608B2A83BAD500E0C3DA /* CSTVUITests.swift */ = {isa = PBXFileReference; lastKnownFileType = sourcecode.swift; path = CSTVUITests.swift; sourceTree = "<group>"; };
		C2F3608D2A83BAD500E0C3DA /* CSTVUITestsLaunchTests.swift */ = {isa = PBXFileReference; lastKnownFileType = sourcecode.swift; path = CSTVUITestsLaunchTests.swift; sourceTree = "<group>"; };
		C2F3609A2A83ECFE00E0C3DA /* LaunchScreenView.swift */ = {isa = PBXFileReference; lastKnownFileType = sourcecode.swift; path = LaunchScreenView.swift; sourceTree = "<group>"; };
		C2F3609C2A83F38C00E0C3DA /* Info.plist */ = {isa = PBXFileReference; lastKnownFileType = text.plist.xml; path = Info.plist; sourceTree = "<group>"; };
		C2F3609F2A840B5200E0C3DA /* LaunchScreenStateManager.swift */ = {isa = PBXFileReference; lastKnownFileType = sourcecode.swift; path = LaunchScreenStateManager.swift; sourceTree = "<group>"; };
		C2F360A82A844EBB00E0C3DA /* MatchDetailView.swift */ = {isa = PBXFileReference; lastKnownFileType = sourcecode.swift; path = MatchDetailView.swift; sourceTree = "<group>"; };
		C2F360AE2A85A49000E0C3DA /* MatchCardView.swift */ = {isa = PBXFileReference; lastKnownFileType = sourcecode.swift; path = MatchCardView.swift; sourceTree = "<group>"; };
		C2F360B22A885EB500E0C3DA /* MatchService.swift */ = {isa = PBXFileReference; lastKnownFileType = sourcecode.swift; path = MatchService.swift; sourceTree = "<group>"; };
		C2F360B62A88628100E0C3DA /* MatchDetailViewModel.swift */ = {isa = PBXFileReference; lastKnownFileType = sourcecode.swift; path = MatchDetailViewModel.swift; sourceTree = "<group>"; };
		C2F360B82A8862E600E0C3DA /* MatchModel.swift */ = {isa = PBXFileReference; lastKnownFileType = sourcecode.swift; path = MatchModel.swift; sourceTree = "<group>"; };
		C2F360BA2A8862FC00E0C3DA /* PlayerModel.swift */ = {isa = PBXFileReference; lastKnownFileType = sourcecode.swift; path = PlayerModel.swift; sourceTree = "<group>"; };
		C2F360BC2A8863FD00E0C3DA /* LeagueSerieModel.swift */ = {isa = PBXFileReference; lastKnownFileType = sourcecode.swift; path = LeagueSerieModel.swift; sourceTree = "<group>"; };
		C2F360BE2A886B0600E0C3DA /* MatchOpponentModel.swift */ = {isa = PBXFileReference; lastKnownFileType = sourcecode.swift; path = MatchOpponentModel.swift; sourceTree = "<group>"; };
		C2F360C52A88BD4100E0C3DA /* MatchListViewModel.swift */ = {isa = PBXFileReference; lastKnownFileType = sourcecode.swift; path = MatchListViewModel.swift; sourceTree = "<group>"; };
/* End PBXFileReference section */

/* Begin PBXFrameworksBuildPhase section */
		C2F3606A2A83BAD400E0C3DA /* Frameworks */ = {
			isa = PBXFrameworksBuildPhase;
			buildActionMask = 2147483647;
			files = (
			);
			runOnlyForDeploymentPostprocessing = 0;
		};
		C2F3607A2A83BAD500E0C3DA /* Frameworks */ = {
			isa = PBXFrameworksBuildPhase;
			buildActionMask = 2147483647;
			files = (
			);
			runOnlyForDeploymentPostprocessing = 0;
		};
		C2F360842A83BAD500E0C3DA /* Frameworks */ = {
			isa = PBXFrameworksBuildPhase;
			buildActionMask = 2147483647;
			files = (
			);
			runOnlyForDeploymentPostprocessing = 0;
		};
/* End PBXFrameworksBuildPhase section */

/* Begin PBXGroup section */
		C21BB37E2A8A27EA005FC7F3 /* MatchPlayerCard */ = {
			isa = PBXGroup;
			children = (
				C21BB37F2A8A2843005FC7F3 /* MatchPlayerCardView.swift */,
			);
			path = MatchPlayerCard;
			sourceTree = "<group>";
		};
		C21BB3812A8A2DE7005FC7F3 /* MatchOpponentCard */ = {
			isa = PBXGroup;
			children = (
				C21BB3822A8A2E0E005FC7F3 /* MatchOpponentCardView.swift */,
			);
			path = MatchOpponentCard;
			sourceTree = "<group>";
		};
		C21BB3842A8A2F95005FC7F3 /* MatchDetailHeader */ = {
			isa = PBXGroup;
			children = (
				C21BB3852A8A2FC0005FC7F3 /* MatchDetailHeaderView.swift */,
			);
			path = MatchDetailHeader;
			sourceTree = "<group>";
		};
		C2F360642A83BAD400E0C3DA = {
			isa = PBXGroup;
			children = (
				C2F3606F2A83BAD400E0C3DA /* CSTV */,
				C2F360802A83BAD500E0C3DA /* CSTVTests */,
				C2F3608A2A83BAD500E0C3DA /* CSTVUITests */,
				C2F3606E2A83BAD400E0C3DA /* Products */,
			);
			sourceTree = "<group>";
		};
		C2F3606E2A83BAD400E0C3DA /* Products */ = {
			isa = PBXGroup;
			children = (
				C2F3606D2A83BAD400E0C3DA /* CSTV.app */,
				C2F3607D2A83BAD500E0C3DA /* CSTVTests.xctest */,
				C2F360872A83BAD500E0C3DA /* CSTVUITests.xctest */,
			);
			name = Products;
			sourceTree = "<group>";
		};
		C2F3606F2A83BAD400E0C3DA /* CSTV */ = {
			isa = PBXGroup;
			children = (
				C2F360B02A87321A00E0C3DA /* Network */,
				C2F360B12A873A6900E0C3DA /* Model */,
				C2F360C32A887D2A00E0C3DA /* View */,
				C2F360A12A841DF200E0C3DA /* Misc */,
			);
			path = CSTV;
			sourceTree = "<group>";
		};
		C2F360802A83BAD500E0C3DA /* CSTVTests */ = {
			isa = PBXGroup;
			children = (
				C2F360812A83BAD500E0C3DA /* CSTVTests.swift */,
			);
			path = CSTVTests;
			sourceTree = "<group>";
		};
		C2F3608A2A83BAD500E0C3DA /* CSTVUITests */ = {
			isa = PBXGroup;
			children = (
				C2F3608B2A83BAD500E0C3DA /* CSTVUITests.swift */,
				C2F3608D2A83BAD500E0C3DA /* CSTVUITestsLaunchTests.swift */,
			);
			path = CSTVUITests;
			sourceTree = "<group>";
		};
		C2F360A12A841DF200E0C3DA /* Misc */ = {
			isa = PBXGroup;
			children = (
				C2F360702A83BAD400E0C3DA /* CSTVApp.swift */,
				C2F360742A83BAD500E0C3DA /* Assets.xcassets */,
				C2F3609C2A83F38C00E0C3DA /* Info.plist */,
			);
			path = Misc;
			sourceTree = "<group>";
		};
		C2F360AA2A85993B00E0C3DA /* LaunchScreen */ = {
			isa = PBXGroup;
			children = (
				C2F3609A2A83ECFE00E0C3DA /* LaunchScreenView.swift */,
				C2F3609F2A840B5200E0C3DA /* LaunchScreenStateManager.swift */,
			);
			path = LaunchScreen;
			sourceTree = "<group>";
		};
		C2F360AB2A85A40E00E0C3DA /* MatchList */ = {
			isa = PBXGroup;
			children = (
				C2F360AD2A85A42E00E0C3DA /* MatchCard */,
				C2F360722A83BAD400E0C3DA /* MatchListView.swift */,
				C2F360C52A88BD4100E0C3DA /* MatchListViewModel.swift */,
			);
			path = MatchList;
			sourceTree = "<group>";
		};
		C2F360AC2A85A41E00E0C3DA /* MatchDetail */ = {
			isa = PBXGroup;
			children = (
				C21BB3842A8A2F95005FC7F3 /* MatchDetailHeader */,
				C21BB3812A8A2DE7005FC7F3 /* MatchOpponentCard */,
				C21BB37E2A8A27EA005FC7F3 /* MatchPlayerCard */,
				C2F360A82A844EBB00E0C3DA /* MatchDetailView.swift */,
				C2F360B62A88628100E0C3DA /* MatchDetailViewModel.swift */,
			);
			path = MatchDetail;
			sourceTree = "<group>";
		};
		C2F360AD2A85A42E00E0C3DA /* MatchCard */ = {
			isa = PBXGroup;
			children = (
				C2F360AE2A85A49000E0C3DA /* MatchCardView.swift */,
			);
			path = MatchCard;
			sourceTree = "<group>";
		};
		C2F360B02A87321A00E0C3DA /* Network */ = {
			isa = PBXGroup;
			children = (
				C2F360B22A885EB500E0C3DA /* MatchService.swift */,
			);
			path = Network;
			sourceTree = "<group>";
		};
		C2F360B12A873A6900E0C3DA /* Model */ = {
			isa = PBXGroup;
			children = (
				C2F360BE2A886B0600E0C3DA /* MatchOpponentModel.swift */,
				C2F360BC2A8863FD00E0C3DA /* LeagueSerieModel.swift */,
				C2F360BA2A8862FC00E0C3DA /* PlayerModel.swift */,
				C2F360B82A8862E600E0C3DA /* MatchModel.swift */,
			);
			path = Model;
			sourceTree = "<group>";
		};
		C2F360C32A887D2A00E0C3DA /* View */ = {
			isa = PBXGroup;
			children = (
				C2F360AA2A85993B00E0C3DA /* LaunchScreen */,
				C2F360C42A887D8800E0C3DA /* MatchFlow */,
			);
			path = View;
			sourceTree = "<group>";
		};
		C2F360C42A887D8800E0C3DA /* MatchFlow */ = {
			isa = PBXGroup;
			children = (
				C2F360AB2A85A40E00E0C3DA /* MatchList */,
				C2F360AC2A85A41E00E0C3DA /* MatchDetail */,
			);
			path = MatchFlow;
			sourceTree = "<group>";
		};
/* End PBXGroup section */

/* Begin PBXNativeTarget section */
		C2F3606C2A83BAD400E0C3DA /* CSTV */ = {
			isa = PBXNativeTarget;
			buildConfigurationList = C2F360912A83BAD500E0C3DA /* Build configuration list for PBXNativeTarget "CSTV" */;
			buildPhases = (
				C2F360692A83BAD400E0C3DA /* Sources */,
				C2F3606A2A83BAD400E0C3DA /* Frameworks */,
				C2F3606B2A83BAD400E0C3DA /* Resources */,
			);
			buildRules = (
			);
			dependencies = (
			);
			name = CSTV;
			productName = CSTV;
			productReference = C2F3606D2A83BAD400E0C3DA /* CSTV.app */;
			productType = "com.apple.product-type.application";
		};
		C2F3607C2A83BAD500E0C3DA /* CSTVTests */ = {
			isa = PBXNativeTarget;
			buildConfigurationList = C2F360942A83BAD500E0C3DA /* Build configuration list for PBXNativeTarget "CSTVTests" */;
			buildPhases = (
				C2F360792A83BAD500E0C3DA /* Sources */,
				C2F3607A2A83BAD500E0C3DA /* Frameworks */,
				C2F3607B2A83BAD500E0C3DA /* Resources */,
			);
			buildRules = (
			);
			dependencies = (
				C2F3607F2A83BAD500E0C3DA /* PBXTargetDependency */,
			);
			name = CSTVTests;
			productName = CSTVTests;
			productReference = C2F3607D2A83BAD500E0C3DA /* CSTVTests.xctest */;
			productType = "com.apple.product-type.bundle.unit-test";
		};
		C2F360862A83BAD500E0C3DA /* CSTVUITests */ = {
			isa = PBXNativeTarget;
			buildConfigurationList = C2F360972A83BAD500E0C3DA /* Build configuration list for PBXNativeTarget "CSTVUITests" */;
			buildPhases = (
				C2F360832A83BAD500E0C3DA /* Sources */,
				C2F360842A83BAD500E0C3DA /* Frameworks */,
				C2F360852A83BAD500E0C3DA /* Resources */,
			);
			buildRules = (
			);
			dependencies = (
				C2F360892A83BAD500E0C3DA /* PBXTargetDependency */,
			);
			name = CSTVUITests;
			productName = CSTVUITests;
			productReference = C2F360872A83BAD500E0C3DA /* CSTVUITests.xctest */;
			productType = "com.apple.product-type.bundle.ui-testing";
		};
/* End PBXNativeTarget section */

/* Begin PBXProject section */
		C2F360652A83BAD400E0C3DA /* Project object */ = {
			isa = PBXProject;
			attributes = {
				BuildIndependentTargetsInParallel = 1;
				LastSwiftUpdateCheck = 1430;
				LastUpgradeCheck = 1430;
				TargetAttributes = {
					C2F3606C2A83BAD400E0C3DA = {
						CreatedOnToolsVersion = 14.3.1;
					};
					C2F3607C2A83BAD500E0C3DA = {
						CreatedOnToolsVersion = 14.3.1;
						TestTargetID = C2F3606C2A83BAD400E0C3DA;
					};
					C2F360862A83BAD500E0C3DA = {
						CreatedOnToolsVersion = 14.3.1;
						TestTargetID = C2F3606C2A83BAD400E0C3DA;
					};
				};
			};
			buildConfigurationList = C2F360682A83BAD400E0C3DA /* Build configuration list for PBXProject "CSTV" */;
			compatibilityVersion = "Xcode 14.0";
			developmentRegion = en;
			hasScannedForEncodings = 0;
			knownRegions = (
				en,
				Base,
			);
			mainGroup = C2F360642A83BAD400E0C3DA;
			productRefGroup = C2F3606E2A83BAD400E0C3DA /* Products */;
			projectDirPath = "";
			projectRoot = "";
			targets = (
				C2F3606C2A83BAD400E0C3DA /* CSTV */,
				C2F3607C2A83BAD500E0C3DA /* CSTVTests */,
				C2F360862A83BAD500E0C3DA /* CSTVUITests */,
			);
		};
/* End PBXProject section */

/* Begin PBXResourcesBuildPhase section */
		C2F3606B2A83BAD400E0C3DA /* Resources */ = {
			isa = PBXResourcesBuildPhase;
			buildActionMask = 2147483647;
			files = (
				C2F360752A83BAD500E0C3DA /* Assets.xcassets in Resources */,
			);
			runOnlyForDeploymentPostprocessing = 0;
		};
		C2F3607B2A83BAD500E0C3DA /* Resources */ = {
			isa = PBXResourcesBuildPhase;
			buildActionMask = 2147483647;
			files = (
			);
			runOnlyForDeploymentPostprocessing = 0;
		};
		C2F360852A83BAD500E0C3DA /* Resources */ = {
			isa = PBXResourcesBuildPhase;
			buildActionMask = 2147483647;
			files = (
			);
			runOnlyForDeploymentPostprocessing = 0;
		};
/* End PBXResourcesBuildPhase section */

/* Begin PBXSourcesBuildPhase section */
		C2F360692A83BAD400E0C3DA /* Sources */ = {
			isa = PBXSourcesBuildPhase;
			buildActionMask = 2147483647;
			files = (
				C2F360BD2A8863FD00E0C3DA /* LeagueSerieModel.swift in Sources */,
				C2F360B72A88628100E0C3DA /* MatchDetailViewModel.swift in Sources */,
				C2F360BF2A886B0600E0C3DA /* MatchOpponentModel.swift in Sources */,
				C2F360BB2A8862FC00E0C3DA /* PlayerModel.swift in Sources */,
				C2F360B92A8862E600E0C3DA /* MatchModel.swift in Sources */,
				C2F360B32A885EB500E0C3DA /* MatchService.swift in Sources */,
				C2F360732A83BAD400E0C3DA /* MatchListView.swift in Sources */,
				C2F360A02A840B5200E0C3DA /* LaunchScreenStateManager.swift in Sources */,
				C21BB3832A8A2E0E005FC7F3 /* MatchOpponentCardView.swift in Sources */,
				C2F360A92A844EBB00E0C3DA /* MatchDetailView.swift in Sources */,
				C21BB3862A8A2FC0005FC7F3 /* MatchDetailHeaderView.swift in Sources */,
				C2F360712A83BAD400E0C3DA /* CSTVApp.swift in Sources */,
				C21BB3802A8A2843005FC7F3 /* MatchPlayerCardView.swift in Sources */,
				C2F360AF2A85A49000E0C3DA /* MatchCardView.swift in Sources */,
				C2F3609B2A83ECFE00E0C3DA /* LaunchScreenView.swift in Sources */,
				C2F360C62A88BD4100E0C3DA /* MatchListViewModel.swift in Sources */,
			);
			runOnlyForDeploymentPostprocessing = 0;
		};
		C2F360792A83BAD500E0C3DA /* Sources */ = {
			isa = PBXSourcesBuildPhase;
			buildActionMask = 2147483647;
			files = (
				C2F360822A83BAD500E0C3DA /* CSTVTests.swift in Sources */,
			);
			runOnlyForDeploymentPostprocessing = 0;
		};
		C2F360832A83BAD500E0C3DA /* Sources */ = {
			isa = PBXSourcesBuildPhase;
			buildActionMask = 2147483647;
			files = (
				C2F3608E2A83BAD500E0C3DA /* CSTVUITestsLaunchTests.swift in Sources */,
				C2F3608C2A83BAD500E0C3DA /* CSTVUITests.swift in Sources */,
			);
			runOnlyForDeploymentPostprocessing = 0;
		};
/* End PBXSourcesBuildPhase section */

/* Begin PBXTargetDependency section */
		C2F3607F2A83BAD500E0C3DA /* PBXTargetDependency */ = {
			isa = PBXTargetDependency;
			target = C2F3606C2A83BAD400E0C3DA /* CSTV */;
			targetProxy = C2F3607E2A83BAD500E0C3DA /* PBXContainerItemProxy */;
		};
		C2F360892A83BAD500E0C3DA /* PBXTargetDependency */ = {
			isa = PBXTargetDependency;
			target = C2F3606C2A83BAD400E0C3DA /* CSTV */;
			targetProxy = C2F360882A83BAD500E0C3DA /* PBXContainerItemProxy */;
		};
/* End PBXTargetDependency section */

/* Begin XCBuildConfiguration section */
		C2F3608F2A83BAD500E0C3DA /* Debug */ = {
			isa = XCBuildConfiguration;
			buildSettings = {
				ALWAYS_SEARCH_USER_PATHS = NO;
				CLANG_ANALYZER_NONNULL = YES;
				CLANG_ANALYZER_NUMBER_OBJECT_CONVERSION = YES_AGGRESSIVE;
				CLANG_CXX_LANGUAGE_STANDARD = "gnu++20";
				CLANG_ENABLE_MODULES = YES;
				CLANG_ENABLE_OBJC_ARC = YES;
				CLANG_ENABLE_OBJC_WEAK = YES;
				CLANG_WARN_BLOCK_CAPTURE_AUTORELEASING = YES;
				CLANG_WARN_BOOL_CONVERSION = YES;
				CLANG_WARN_COMMA = YES;
				CLANG_WARN_CONSTANT_CONVERSION = YES;
				CLANG_WARN_DEPRECATED_OBJC_IMPLEMENTATIONS = YES;
				CLANG_WARN_DIRECT_OBJC_ISA_USAGE = YES_ERROR;
				CLANG_WARN_DOCUMENTATION_COMMENTS = YES;
				CLANG_WARN_EMPTY_BODY = YES;
				CLANG_WARN_ENUM_CONVERSION = YES;
				CLANG_WARN_INFINITE_RECURSION = YES;
				CLANG_WARN_INT_CONVERSION = YES;
				CLANG_WARN_NON_LITERAL_NULL_CONVERSION = YES;
				CLANG_WARN_OBJC_IMPLICIT_RETAIN_SELF = YES;
				CLANG_WARN_OBJC_LITERAL_CONVERSION = YES;
				CLANG_WARN_OBJC_ROOT_CLASS = YES_ERROR;
				CLANG_WARN_QUOTED_INCLUDE_IN_FRAMEWORK_HEADER = YES;
				CLANG_WARN_RANGE_LOOP_ANALYSIS = YES;
				CLANG_WARN_STRICT_PROTOTYPES = YES;
				CLANG_WARN_SUSPICIOUS_MOVE = YES;
				CLANG_WARN_UNGUARDED_AVAILABILITY = YES_AGGRESSIVE;
				CLANG_WARN_UNREACHABLE_CODE = YES;
				CLANG_WARN__DUPLICATE_METHOD_MATCH = YES;
				COPY_PHASE_STRIP = NO;
				DEBUG_INFORMATION_FORMAT = dwarf;
				ENABLE_STRICT_OBJC_MSGSEND = YES;
				ENABLE_TESTABILITY = YES;
				GCC_C_LANGUAGE_STANDARD = gnu11;
				GCC_DYNAMIC_NO_PIC = NO;
				GCC_NO_COMMON_BLOCKS = YES;
				GCC_OPTIMIZATION_LEVEL = 0;
				GCC_PREPROCESSOR_DEFINITIONS = (
					"DEBUG=1",
					"$(inherited)",
				);
				GCC_WARN_64_TO_32_BIT_CONVERSION = YES;
				GCC_WARN_ABOUT_RETURN_TYPE = YES_ERROR;
				GCC_WARN_UNDECLARED_SELECTOR = YES;
				GCC_WARN_UNINITIALIZED_AUTOS = YES_AGGRESSIVE;
				GCC_WARN_UNUSED_FUNCTION = YES;
				GCC_WARN_UNUSED_VARIABLE = YES;
				IPHONEOS_DEPLOYMENT_TARGET = 16.4;
				MTL_ENABLE_DEBUG_INFO = INCLUDE_SOURCE;
				MTL_FAST_MATH = YES;
				ONLY_ACTIVE_ARCH = YES;
				SDKROOT = iphoneos;
				SWIFT_ACTIVE_COMPILATION_CONDITIONS = DEBUG;
				SWIFT_OPTIMIZATION_LEVEL = "-Onone";
			};
			name = Debug;
		};
		C2F360902A83BAD500E0C3DA /* Release */ = {
			isa = XCBuildConfiguration;
			buildSettings = {
				ALWAYS_SEARCH_USER_PATHS = NO;
				CLANG_ANALYZER_NONNULL = YES;
				CLANG_ANALYZER_NUMBER_OBJECT_CONVERSION = YES_AGGRESSIVE;
				CLANG_CXX_LANGUAGE_STANDARD = "gnu++20";
				CLANG_ENABLE_MODULES = YES;
				CLANG_ENABLE_OBJC_ARC = YES;
				CLANG_ENABLE_OBJC_WEAK = YES;
				CLANG_WARN_BLOCK_CAPTURE_AUTORELEASING = YES;
				CLANG_WARN_BOOL_CONVERSION = YES;
				CLANG_WARN_COMMA = YES;
				CLANG_WARN_CONSTANT_CONVERSION = YES;
				CLANG_WARN_DEPRECATED_OBJC_IMPLEMENTATIONS = YES;
				CLANG_WARN_DIRECT_OBJC_ISA_USAGE = YES_ERROR;
				CLANG_WARN_DOCUMENTATION_COMMENTS = YES;
				CLANG_WARN_EMPTY_BODY = YES;
				CLANG_WARN_ENUM_CONVERSION = YES;
				CLANG_WARN_INFINITE_RECURSION = YES;
				CLANG_WARN_INT_CONVERSION = YES;
				CLANG_WARN_NON_LITERAL_NULL_CONVERSION = YES;
				CLANG_WARN_OBJC_IMPLICIT_RETAIN_SELF = YES;
				CLANG_WARN_OBJC_LITERAL_CONVERSION = YES;
				CLANG_WARN_OBJC_ROOT_CLASS = YES_ERROR;
				CLANG_WARN_QUOTED_INCLUDE_IN_FRAMEWORK_HEADER = YES;
				CLANG_WARN_RANGE_LOOP_ANALYSIS = YES;
				CLANG_WARN_STRICT_PROTOTYPES = YES;
				CLANG_WARN_SUSPICIOUS_MOVE = YES;
				CLANG_WARN_UNGUARDED_AVAILABILITY = YES_AGGRESSIVE;
				CLANG_WARN_UNREACHABLE_CODE = YES;
				CLANG_WARN__DUPLICATE_METHOD_MATCH = YES;
				COPY_PHASE_STRIP = NO;
				DEBUG_INFORMATION_FORMAT = "dwarf-with-dsym";
				ENABLE_NS_ASSERTIONS = NO;
				ENABLE_STRICT_OBJC_MSGSEND = YES;
				GCC_C_LANGUAGE_STANDARD = gnu11;
				GCC_NO_COMMON_BLOCKS = YES;
				GCC_WARN_64_TO_32_BIT_CONVERSION = YES;
				GCC_WARN_ABOUT_RETURN_TYPE = YES_ERROR;
				GCC_WARN_UNDECLARED_SELECTOR = YES;
				GCC_WARN_UNINITIALIZED_AUTOS = YES_AGGRESSIVE;
				GCC_WARN_UNUSED_FUNCTION = YES;
				GCC_WARN_UNUSED_VARIABLE = YES;
				IPHONEOS_DEPLOYMENT_TARGET = 16.4;
				MTL_ENABLE_DEBUG_INFO = NO;
				MTL_FAST_MATH = YES;
				SDKROOT = iphoneos;
				SWIFT_COMPILATION_MODE = wholemodule;
				SWIFT_OPTIMIZATION_LEVEL = "-O";
				VALIDATE_PRODUCT = YES;
			};
			name = Release;
		};
		C2F360922A83BAD500E0C3DA /* Debug */ = {
			isa = XCBuildConfiguration;
			buildSettings = {
				ASSETCATALOG_COMPILER_APPICON_NAME = AppIcon;
				ASSETCATALOG_COMPILER_GLOBAL_ACCENT_COLOR_NAME = AccentColor;
				CODE_SIGN_STYLE = Automatic;
				CURRENT_PROJECT_VERSION = 1;
				DEVELOPMENT_TEAM = 3LNUZ8SFQF;
				ENABLE_PREVIEWS = YES;
				GENERATE_INFOPLIST_FILE = YES;
				INFOPLIST_FILE = CSTV/Misc/Info.plist;
				INFOPLIST_KEY_UIApplicationSceneManifest_Generation = YES;
				INFOPLIST_KEY_UIApplicationSupportsIndirectInputEvents = YES;
				INFOPLIST_KEY_UILaunchScreen_Generation = YES;
				INFOPLIST_KEY_UISupportedInterfaceOrientations_iPad = "UIInterfaceOrientationPortrait UIInterfaceOrientationPortraitUpsideDown UIInterfaceOrientationLandscapeLeft UIInterfaceOrientationLandscapeRight";
				INFOPLIST_KEY_UISupportedInterfaceOrientations_iPhone = "UIInterfaceOrientationPortrait UIInterfaceOrientationLandscapeLeft UIInterfaceOrientationLandscapeRight";
				LD_RUNPATH_SEARCH_PATHS = (
					"$(inherited)",
					"@executable_path/Frameworks",
				);
				MARKETING_VERSION = 1.0;
				PRODUCT_BUNDLE_IDENTIFIER = caioberkley.CSTV;
				PRODUCT_NAME = "$(TARGET_NAME)";
				SWIFT_EMIT_LOC_STRINGS = YES;
				SWIFT_VERSION = 5.0;
				TARGETED_DEVICE_FAMILY = "1,2";
			};
			name = Debug;
		};
		C2F360932A83BAD500E0C3DA /* Release */ = {
			isa = XCBuildConfiguration;
			buildSettings = {
				ASSETCATALOG_COMPILER_APPICON_NAME = AppIcon;
				ASSETCATALOG_COMPILER_GLOBAL_ACCENT_COLOR_NAME = AccentColor;
				CODE_SIGN_STYLE = Automatic;
				CURRENT_PROJECT_VERSION = 1;
				DEVELOPMENT_TEAM = 3LNUZ8SFQF;
				ENABLE_PREVIEWS = YES;
				GENERATE_INFOPLIST_FILE = YES;
				INFOPLIST_FILE = CSTV/Misc/Info.plist;
				INFOPLIST_KEY_UIApplicationSceneManifest_Generation = YES;
				INFOPLIST_KEY_UIApplicationSupportsIndirectInputEvents = YES;
				INFOPLIST_KEY_UILaunchScreen_Generation = YES;
				INFOPLIST_KEY_UISupportedInterfaceOrientations_iPad = "UIInterfaceOrientationPortrait UIInterfaceOrientationPortraitUpsideDown UIInterfaceOrientationLandscapeLeft UIInterfaceOrientationLandscapeRight";
				INFOPLIST_KEY_UISupportedInterfaceOrientations_iPhone = "UIInterfaceOrientationPortrait UIInterfaceOrientationLandscapeLeft UIInterfaceOrientationLandscapeRight";
				LD_RUNPATH_SEARCH_PATHS = (
					"$(inherited)",
					"@executable_path/Frameworks",
				);
				MARKETING_VERSION = 1.0;
				PRODUCT_BUNDLE_IDENTIFIER = caioberkley.CSTV;
				PRODUCT_NAME = "$(TARGET_NAME)";
				SWIFT_EMIT_LOC_STRINGS = YES;
				SWIFT_VERSION = 5.0;
				TARGETED_DEVICE_FAMILY = "1,2";
			};
			name = Release;
		};
		C2F360952A83BAD500E0C3DA /* Debug */ = {
			isa = XCBuildConfiguration;
			buildSettings = {
				ALWAYS_EMBED_SWIFT_STANDARD_LIBRARIES = YES;
				BUNDLE_LOADER = "$(TEST_HOST)";
				CODE_SIGN_STYLE = Automatic;
				CURRENT_PROJECT_VERSION = 1;
				DEVELOPMENT_TEAM = 3LNUZ8SFQF;
				GENERATE_INFOPLIST_FILE = YES;
				IPHONEOS_DEPLOYMENT_TARGET = 16.4;
				MARKETING_VERSION = 1.0;
				PRODUCT_BUNDLE_IDENTIFIER = caioberkley.CSTVTests;
				PRODUCT_NAME = "$(TARGET_NAME)";
				SWIFT_EMIT_LOC_STRINGS = NO;
				SWIFT_VERSION = 5.0;
				TARGETED_DEVICE_FAMILY = "1,2";
				TEST_HOST = "$(BUILT_PRODUCTS_DIR)/CSTV.app/$(BUNDLE_EXECUTABLE_FOLDER_PATH)/CSTV";
			};
			name = Debug;
		};
		C2F360962A83BAD500E0C3DA /* Release */ = {
			isa = XCBuildConfiguration;
			buildSettings = {
				ALWAYS_EMBED_SWIFT_STANDARD_LIBRARIES = YES;
				BUNDLE_LOADER = "$(TEST_HOST)";
				CODE_SIGN_STYLE = Automatic;
				CURRENT_PROJECT_VERSION = 1;
				DEVELOPMENT_TEAM = 3LNUZ8SFQF;
				GENERATE_INFOPLIST_FILE = YES;
				IPHONEOS_DEPLOYMENT_TARGET = 16.4;
				MARKETING_VERSION = 1.0;
				PRODUCT_BUNDLE_IDENTIFIER = caioberkley.CSTVTests;
				PRODUCT_NAME = "$(TARGET_NAME)";
				SWIFT_EMIT_LOC_STRINGS = NO;
				SWIFT_VERSION = 5.0;
				TARGETED_DEVICE_FAMILY = "1,2";
				TEST_HOST = "$(BUILT_PRODUCTS_DIR)/CSTV.app/$(BUNDLE_EXECUTABLE_FOLDER_PATH)/CSTV";
			};
			name = Release;
		};
		C2F360982A83BAD500E0C3DA /* Debug */ = {
			isa = XCBuildConfiguration;
			buildSettings = {
				ALWAYS_EMBED_SWIFT_STANDARD_LIBRARIES = YES;
				CODE_SIGN_STYLE = Automatic;
				CURRENT_PROJECT_VERSION = 1;
				DEVELOPMENT_TEAM = 3LNUZ8SFQF;
				GENERATE_INFOPLIST_FILE = YES;
				MARKETING_VERSION = 1.0;
				PRODUCT_BUNDLE_IDENTIFIER = caioberkley.CSTVUITests;
				PRODUCT_NAME = "$(TARGET_NAME)";
				SWIFT_EMIT_LOC_STRINGS = NO;
				SWIFT_VERSION = 5.0;
				TARGETED_DEVICE_FAMILY = "1,2";
				TEST_TARGET_NAME = CSTV;
			};
			name = Debug;
		};
		C2F360992A83BAD500E0C3DA /* Release */ = {
			isa = XCBuildConfiguration;
			buildSettings = {
				ALWAYS_EMBED_SWIFT_STANDARD_LIBRARIES = YES;
				CODE_SIGN_STYLE = Automatic;
				CURRENT_PROJECT_VERSION = 1;
				DEVELOPMENT_TEAM = 3LNUZ8SFQF;
				GENERATE_INFOPLIST_FILE = YES;
				MARKETING_VERSION = 1.0;
				PRODUCT_BUNDLE_IDENTIFIER = caioberkley.CSTVUITests;
				PRODUCT_NAME = "$(TARGET_NAME)";
				SWIFT_EMIT_LOC_STRINGS = NO;
				SWIFT_VERSION = 5.0;
				TARGETED_DEVICE_FAMILY = "1,2";
				TEST_TARGET_NAME = CSTV;
			};
			name = Release;
		};
/* End XCBuildConfiguration section */

/* Begin XCConfigurationList section */
		C2F360682A83BAD400E0C3DA /* Build configuration list for PBXProject "CSTV" */ = {
			isa = XCConfigurationList;
			buildConfigurations = (
				C2F3608F2A83BAD500E0C3DA /* Debug */,
				C2F360902A83BAD500E0C3DA /* Release */,
			);
			defaultConfigurationIsVisible = 0;
			defaultConfigurationName = Release;
		};
		C2F360912A83BAD500E0C3DA /* Build configuration list for PBXNativeTarget "CSTV" */ = {
			isa = XCConfigurationList;
			buildConfigurations = (
				C2F360922A83BAD500E0C3DA /* Debug */,
				C2F360932A83BAD500E0C3DA /* Release */,
			);
			defaultConfigurationIsVisible = 0;
			defaultConfigurationName = Release;
		};
		C2F360942A83BAD500E0C3DA /* Build configuration list for PBXNativeTarget "CSTVTests" */ = {
			isa = XCConfigurationList;
			buildConfigurations = (
				C2F360952A83BAD500E0C3DA /* Debug */,
				C2F360962A83BAD500E0C3DA /* Release */,
			);
			defaultConfigurationIsVisible = 0;
			defaultConfigurationName = Release;
		};
		C2F360972A83BAD500E0C3DA /* Build configuration list for PBXNativeTarget "CSTVUITests" */ = {
			isa = XCConfigurationList;
			buildConfigurations = (
				C2F360982A83BAD500E0C3DA /* Debug */,
				C2F360992A83BAD500E0C3DA /* Release */,
			);
			defaultConfigurationIsVisible = 0;
			defaultConfigurationName = Release;
		};
/* End XCConfigurationList section */
	};
	rootObject = C2F360652A83BAD400E0C3DA /* Project object */;
}
